// !$*UTF8*$!
{
	archiveVersion = 1;
	classes = {
	};
	objectVersion = 48;
	objects = {

/* Begin PBXBuildFile section */
		D4FB3EC4200B8E2700F36B7E /* AppDelegate.swift in Sources */ = {isa = PBXBuildFile; fileRef = D4FB3EC3200B8E2700F36B7E /* AppDelegate.swift */; };
		D4FB3EC6200B8E2700F36B7E /* ViewController.swift in Sources */ = {isa = PBXBuildFile; fileRef = D4FB3EC5200B8E2700F36B7E /* ViewController.swift */; };
		D4FB3EC9200B8E2700F36B7E /* Main.storyboard in Resources */ = {isa = PBXBuildFile; fileRef = D4FB3EC7200B8E2700F36B7E /* Main.storyboard */; };
		D4FB3ECB200B8E2700F36B7E /* Assets.xcassets in Resources */ = {isa = PBXBuildFile; fileRef = D4FB3ECA200B8E2700F36B7E /* Assets.xcassets */; };
		D4FB3ECE200B8E2700F36B7E /* LaunchScreen.storyboard in Resources */ = {isa = PBXBuildFile; fileRef = D4FB3ECC200B8E2700F36B7E /* LaunchScreen.storyboard */; };
		D4FB3EE1200B8E4200F36B7E /* arrow-down-red.png in Resources */ = {isa = PBXBuildFile; fileRef = D4FB3ED5200B8E4100F36B7E /* arrow-down-red.png */; };
		D4FB3EE2200B8E4200F36B7E /* arrow-right-green.png in Resources */ = {isa = PBXBuildFile; fileRef = D4FB3ED6200B8E4100F36B7E /* arrow-right-green.png */; };
		D4FB3EE3200B8E4200F36B7E /* arrow-down-black.png in Resources */ = {isa = PBXBuildFile; fileRef = D4FB3ED7200B8E4100F36B7E /* arrow-down-black.png */; };
		D4FB3EE4200B8E4200F36B7E /* arrow-down-green.png in Resources */ = {isa = PBXBuildFile; fileRef = D4FB3ED8200B8E4100F36B7E /* arrow-down-green.png */; };
		D4FB3EE5200B8E4200F36B7E /* arrow-up-green.png in Resources */ = {isa = PBXBuildFile; fileRef = D4FB3ED9200B8E4100F36B7E /* arrow-up-green.png */; };
		D4FB3EE6200B8E4200F36B7E /* arrow-right-black.png in Resources */ = {isa = PBXBuildFile; fileRef = D4FB3EDA200B8E4200F36B7E /* arrow-right-black.png */; };
		D4FB3EE7200B8E4200F36B7E /* arrow-left-green.png in Resources */ = {isa = PBXBuildFile; fileRef = D4FB3EDB200B8E4200F36B7E /* arrow-left-green.png */; };
		D4FB3EE8200B8E4200F36B7E /* arrow-left-red.png in Resources */ = {isa = PBXBuildFile; fileRef = D4FB3EDC200B8E4200F36B7E /* arrow-left-red.png */; };
		D4FB3EE9200B8E4200F36B7E /* arrow-up-black.png in Resources */ = {isa = PBXBuildFile; fileRef = D4FB3EDD200B8E4200F36B7E /* arrow-up-black.png */; };
		D4FB3EEA200B8E4200F36B7E /* arrow-up-red.png in Resources */ = {isa = PBXBuildFile; fileRef = D4FB3EDE200B8E4200F36B7E /* arrow-up-red.png */; };
		D4FB3EEB200B8E4200F36B7E /* arrow-left-black.png in Resources */ = {isa = PBXBuildFile; fileRef = D4FB3EDF200B8E4200F36B7E /* arrow-left-black.png */; };
		D4FB3EEC200B8E4200F36B7E /* arrow-right-red.png in Resources */ = {isa = PBXBuildFile; fileRef = D4FB3EE0200B8E4200F36B7E /* arrow-right-red.png */; };
/* End PBXBuildFile section */

/* Begin PBXFileReference section */
		D4FB3EC0200B8E2700F36B7E /* SwifeGesture.app */ = {isa = PBXFileReference; explicitFileType = wrapper.application; includeInIndex = 0; path = SwifeGesture.app; sourceTree = BUILT_PRODUCTS_DIR; };
		D4FB3EC3200B8E2700F36B7E /* AppDelegate.swift */ = {isa = PBXFileReference; lastKnownFileType = sourcecode.swift; path = AppDelegate.swift; sourceTree = "<group>"; };
		D4FB3EC5200B8E2700F36B7E /* ViewController.swift */ = {isa = PBXFileReference; lastKnownFileType = sourcecode.swift; path = ViewController.swift; sourceTree = "<group>"; };
		D4FB3EC8200B8E2700F36B7E /* Base */ = {isa = PBXFileReference; lastKnownFileType = file.storyboard; name = Base; path = Base.lproj/Main.storyboard; sourceTree = "<group>"; };
		D4FB3ECA200B8E2700F36B7E /* Assets.xcassets */ = {isa = PBXFileReference; lastKnownFileType = folder.assetcatalog; path = Assets.xcassets; sourceTree = "<group>"; };
		D4FB3ECD200B8E2700F36B7E /* Base */ = {isa = PBXFileReference; lastKnownFileType = file.storyboard; name = Base; path = Base.lproj/LaunchScreen.storyboard; sourceTree = "<group>"; };
		D4FB3ECF200B8E2700F36B7E /* Info.plist */ = {isa = PBXFileReference; lastKnownFileType = text.plist.xml; path = Info.plist; sourceTree = "<group>"; };
		D4FB3ED5200B8E4100F36B7E /* arrow-down-red.png */ = {isa = PBXFileReference; lastKnownFileType = image.png; path = "arrow-down-red.png"; sourceTree = "<group>"; };
		D4FB3ED6200B8E4100F36B7E /* arrow-right-green.png */ = {isa = PBXFileReference; lastKnownFileType = image.png; path = "arrow-right-green.png"; sourceTree = "<group>"; };
		D4FB3ED7200B8E4100F36B7E /* arrow-down-black.png */ = {isa = PBXFileReference; lastKnownFileType = image.png; path = "arrow-down-black.png"; sourceTree = "<group>"; };
		D4FB3ED8200B8E4100F36B7E /* arrow-down-green.png */ = {isa = PBXFileReference; lastKnownFileType = image.png; path = "arrow-down-green.png"; sourceTree = "<group>"; };
		D4FB3ED9200B8E4100F36B7E /* arrow-up-green.png */ = {isa = PBXFileReference; lastKnownFileType = image.png; path = "arrow-up-green.png"; sourceTree = "<group>"; };
		D4FB3EDA200B8E4200F36B7E /* arrow-right-black.png */ = {isa = PBXFileReference; lastKnownFileType = image.png; path = "arrow-right-black.png"; sourceTree = "<group>"; };
		D4FB3EDB200B8E4200F36B7E /* arrow-left-green.png */ = {isa = PBXFileReference; lastKnownFileType = image.png; path = "arrow-left-green.png"; sourceTree = "<group>"; };
		D4FB3EDC200B8E4200F36B7E /* arrow-left-red.png */ = {isa = PBXFileReference; lastKnownFileType = image.png; path = "arrow-left-red.png"; sourceTree = "<group>"; };
		D4FB3EDD200B8E4200F36B7E /* arrow-up-black.png */ = {isa = PBXFileReference; lastKnownFileType = image.png; path = "arrow-up-black.png"; sourceTree = "<group>"; };
		D4FB3EDE200B8E4200F36B7E /* arrow-up-red.png */ = {isa = PBXFileReference; lastKnownFileType = image.png; path = "arrow-up-red.png"; sourceTree = "<group>"; };
		D4FB3EDF200B8E4200F36B7E /* arrow-left-black.png */ = {isa = PBXFileReference; lastKnownFileType = image.png; path = "arrow-left-black.png"; sourceTree = "<group>"; };
		D4FB3EE0200B8E4200F36B7E /* arrow-right-red.png */ = {isa = PBXFileReference; lastKnownFileType = image.png; path = "arrow-right-red.png"; sourceTree = "<group>"; };
/* End PBXFileReference section */

/* Begin PBXFrameworksBuildPhase section */
		D4FB3EBD200B8E2700F36B7E /* Frameworks */ = {
			isa = PBXFrameworksBuildPhase;
			buildActionMask = 2147483647;
			files = (
			);
			runOnlyForDeploymentPostprocessing = 0;
		};
/* End PBXFrameworksBuildPhase section */

/* Begin PBXGroup section */
		D4FB3EB7200B8E2700F36B7E = {
			isa = PBXGroup;
			children = (
				D4FB3EC2200B8E2700F36B7E /* SwifeGesture */,
				D4FB3EC1200B8E2700F36B7E /* Products */,
			);
			sourceTree = "<group>";
		};
		D4FB3EC1200B8E2700F36B7E /* Products */ = {
			isa = PBXGroup;
			children = (
				D4FB3EC0200B8E2700F36B7E /* SwifeGesture.app */,
			);
			name = Products;
			sourceTree = "<group>";
		};
		D4FB3EC2200B8E2700F36B7E /* SwifeGesture */ = {
			isa = PBXGroup;
			children = (
				D4FB3ED7200B8E4100F36B7E /* arrow-down-black.png */,
				D4FB3ED8200B8E4100F36B7E /* arrow-down-green.png */,
				D4FB3ED5200B8E4100F36B7E /* arrow-down-red.png */,
				D4FB3EDF200B8E4200F36B7E /* arrow-left-black.png */,
				D4FB3EDB200B8E4200F36B7E /* arrow-left-green.png */,
				D4FB3EDC200B8E4200F36B7E /* arrow-left-red.png */,
				D4FB3EDA200B8E4200F36B7E /* arrow-right-black.png */,
				D4FB3ED6200B8E4100F36B7E /* arrow-right-green.png */,
				D4FB3EE0200B8E4200F36B7E /* arrow-right-red.png */,
				D4FB3EDD200B8E4200F36B7E /* arrow-up-black.png */,
				D4FB3ED9200B8E4100F36B7E /* arrow-up-green.png */,
				D4FB3EDE200B8E4200F36B7E /* arrow-up-red.png */,
				D4FB3EC3200B8E2700F36B7E /* AppDelegate.swift */,
				D4FB3EC5200B8E2700F36B7E /* ViewController.swift */,
				D4FB3EC7200B8E2700F36B7E /* Main.storyboard */,
				D4FB3ECA200B8E2700F36B7E /* Assets.xcassets */,
				D4FB3ECC200B8E2700F36B7E /* LaunchScreen.storyboard */,
				D4FB3ECF200B8E2700F36B7E /* Info.plist */,
			);
			path = SwifeGesture;
			sourceTree = "<group>";
		};
/* End PBXGroup section */

/* Begin PBXNativeTarget section */
		D4FB3EBF200B8E2700F36B7E /* SwifeGesture */ = {
			isa = PBXNativeTarget;
			buildConfigurationList = D4FB3ED2200B8E2700F36B7E /* Build configuration list for PBXNativeTarget "SwifeGesture" */;
			buildPhases = (
				D4FB3EBC200B8E2700F36B7E /* Sources */,
				D4FB3EBD200B8E2700F36B7E /* Frameworks */,
				D4FB3EBE200B8E2700F36B7E /* Resources */,
			);
			buildRules = (
			);
			dependencies = (
			);
			name = SwifeGesture;
			productName = SwifeGesture;
			productReference = D4FB3EC0200B8E2700F36B7E /* SwifeGesture.app */;
			productType = "com.apple.product-type.application";
		};
/* End PBXNativeTarget section */

/* Begin PBXProject section */
		D4FB3EB8200B8E2700F36B7E /* Project object */ = {
			isa = PBXProject;
			attributes = {
				LastSwiftUpdateCheck = 0920;
				LastUpgradeCheck = 0920;
				ORGANIZATIONNAME = "Yang Hyeon Gyu";
				TargetAttributes = {
					D4FB3EBF200B8E2700F36B7E = {
						CreatedOnToolsVersion = 9.2;
						ProvisioningStyle = Automatic;
					};
				};
			};
			buildConfigurationList = D4FB3EBB200B8E2700F36B7E /* Build configuration list for PBXProject "SwifeGesture" */;
			compatibilityVersion = "Xcode 8.0";
			developmentRegion = en;
			hasScannedForEncodings = 0;
			knownRegions = (
				en,
				Base,
			);
			mainGroup = D4FB3EB7200B8E2700F36B7E;
			productRefGroup = D4FB3EC1200B8E2700F36B7E /* Products */;
			projectDirPath = "";
			projectRoot = "";
			targets = (
				D4FB3EBF200B8E2700F36B7E /* SwifeGesture */,
			);
		};
/* End PBXProject section */

/* Begin PBXResourcesBuildPhase section */
		D4FB3EBE200B8E2700F36B7E /* Resources */ = {
			isa = PBXResourcesBuildPhase;
			buildActionMask = 2147483647;
			files = (
				D4FB3EE7200B8E4200F36B7E /* arrow-left-green.png in Resources */,
				D4FB3EE5200B8E4200F36B7E /* arrow-up-green.png in Resources */,
				D4FB3EE6200B8E4200F36B7E /* arrow-right-black.png in Resources */,
				D4FB3EEA200B8E4200F36B7E /* arrow-up-red.png in Resources */,
				D4FB3EE4200B8E4200F36B7E /* arrow-down-green.png in Resources */,
				D4FB3EEC200B8E4200F36B7E /* arrow-right-red.png in Resources */,
				D4FB3ECE200B8E2700F36B7E /* LaunchScreen.storyboard in Resources */,
				D4FB3EE3200B8E4200F36B7E /* arrow-down-black.png in Resources */,
				D4FB3EE8200B8E4200F36B7E /* arrow-left-red.png in Resources */,
				D4FB3EE2200B8E4200F36B7E /* arrow-right-green.png in Resources */,
				D4FB3EE9200B8E4200F36B7E /* arrow-up-black.png in Resources */,
				D4FB3EEB200B8E4200F36B7E /* arrow-left-black.png in Resources */,
				D4FB3EE1200B8E4200F36B7E /* arrow-down-red.png in Resources */,
				D4FB3ECB200B8E2700F36B7E /* Assets.xcassets in Resources */,
				D4FB3EC9200B8E2700F36B7E /* Main.storyboard in Resources */,
			);
			runOnlyForDeploymentPostprocessing = 0;
		};
/* End PBXResourcesBuildPhase section */

/* Begin PBXSourcesBuildPhase section */
		D4FB3EBC200B8E2700F36B7E /* Sources */ = {
			isa = PBXSourcesBuildPhase;
			buildActionMask = 2147483647;
			files = (
				D4FB3EC6200B8E2700F36B7E /* ViewController.swift in Sources */,
				D4FB3EC4200B8E2700F36B7E /* AppDelegate.swift in Sources */,
			);
			runOnlyForDeploymentPostprocessing = 0;
		};
/* End PBXSourcesBuildPhase section */

/* Begin PBXVariantGroup section */
		D4FB3EC7200B8E2700F36B7E /* Main.storyboard */ = {
			isa = PBXVariantGroup;
			children = (
				D4FB3EC8200B8E2700F36B7E /* Base */,
			);
			name = Main.storyboard;
			sourceTree = "<group>";
		};
		D4FB3ECC200B8E2700F36B7E /* LaunchScreen.storyboard */ = {
			isa = PBXVariantGroup;
			children = (
				D4FB3ECD200B8E2700F36B7E /* Base */,
			);
			name = LaunchScreen.storyboard;
			sourceTree = "<group>";
		};
/* End PBXVariantGroup section */

/* Begin XCBuildConfiguration section */
		D4FB3ED0200B8E2700F36B7E /* Debug */ = {
			isa = XCBuildConfiguration;
			buildSettings = {
				ALWAYS_SEARCH_USER_PATHS = NO;
				CLANG_ANALYZER_NONNULL = YES;
				CLANG_ANALYZER_NUMBER_OBJECT_CONVERSION = YES_AGGRESSIVE;
				CLANG_CXX_LANGUAGE_STANDARD = "gnu++14";
				CLANG_CXX_LIBRARY = "libc++";
				CLANG_ENABLE_MODULES = YES;
				CLANG_ENABLE_OBJC_ARC = YES;
				CLANG_WARN_BLOCK_CAPTURE_AUTORELEASING = YES;
				CLANG_WARN_BOOL_CONVERSION = YES;
				CLANG_WARN_COMMA = YES;
				CLANG_WARN_CONSTANT_CONVERSION = YES;
				CLANG_WARN_DIRECT_OBJC_ISA_USAGE = YES_ERROR;
				CLANG_WARN_DOCUMENTATION_COMMENTS = YES;
				CLANG_WARN_EMPTY_BODY = YES;
				CLANG_WARN_ENUM_CONVERSION = YES;
				CLANG_WARN_INFINITE_RECURSION = YES;
				CLANG_WARN_INT_CONVERSION = YES;
				CLANG_WARN_NON_LITERAL_NULL_CONVERSION = YES;
				CLANG_WARN_OBJC_LITERAL_CONVERSION = YES;
				CLANG_WARN_OBJC_ROOT_CLASS = YES_ERROR;
				CLANG_WARN_RANGE_LOOP_ANALYSIS = YES;
				CLANG_WARN_STRICT_PROTOTYPES = YES;
				CLANG_WARN_SUSPICIOUS_MOVE = YES;
				CLANG_WARN_UNGUARDED_AVAILABILITY = YES_AGGRESSIVE;
				CLANG_WARN_UNREACHABLE_CODE = YES;
				CLANG_WARN__DUPLICATE_METHOD_MATCH = YES;
				CODE_SIGN_IDENTITY = "iPhone Developer";
				COPY_PHASE_STRIP = NO;
				DEBUG_INFORMATION_FORMAT = dwarf;
				ENABLE_STRICT_OBJC_MSGSEND = YES;
				ENABLE_TESTABILITY = YES;
				GCC_C_LANGUAGE_STANDARD = gnu11;
				GCC_DYNAMIC_NO_PIC = NO;
				GCC_NO_COMMON_BLOCKS = YES;
				GCC_OPTIMIZATION_LEVEL = 0;
				GCC_PREPROCESSOR_DEFINITIONS = (
					"DEBUG=1",
					"$(inherited)",
				);
				GCC_WARN_64_TO_32_BIT_CONVERSION = YES;
				GCC_WARN_ABOUT_RETURN_TYPE = YES_ERROR;
				GCC_WARN_UNDECLARED_SELECTOR = YES;
				GCC_WARN_UNINITIALIZED_AUTOS = YES_AGGRESSIVE;
				GCC_WARN_UNUSED_FUNCTION = YES;
				GCC_WARN_UNUSED_VARIABLE = YES;
				IPHONEOS_DEPLOYMENT_TARGET = 11.2;
				MTL_ENABLE_DEBUG_INFO = YES;
				ONLY_ACTIVE_ARCH = YES;
				SDKROOT = iphoneos;
				SWIFT_ACTIVE_COMPILATION_CONDITIONS = DEBUG;
				SWIFT_OPTIMIZATION_LEVEL = "-Onone";
			};
			name = Debug;
		};
		D4FB3ED1200B8E2700F36B7E /* Release */ = {
			isa = XCBuildConfiguration;
			buildSettings = {
				ALWAYS_SEARCH_USER_PATHS = NO;
				CLANG_ANALYZER_NONNULL = YES;
				CLANG_ANALYZER_NUMBER_OBJECT_CONVERSION = YES_AGGRESSIVE;
				CLANG_CXX_LANGUAGE_STANDARD = "gnu++14";
				CLANG_CXX_LIBRARY = "libc++";
				CLANG_ENABLE_MODULES = YES;
				CLANG_ENABLE_OBJC_ARC = YES;
				CLANG_WARN_BLOCK_CAPTURE_AUTORELEASING = YES;
				CLANG_WARN_BOOL_CONVERSION = YES;
				CLANG_WARN_COMMA = YES;
				CLANG_WARN_CONSTANT_CONVERSION = YES;
				CLANG_WARN_DIRECT_OBJC_ISA_USAGE = YES_ERROR;
				CLANG_WARN_DOCUMENTATION_COMMENTS = YES;
				CLANG_WARN_EMPTY_BODY = YES;
				CLANG_WARN_ENUM_CONVERSION = YES;
				CLANG_WARN_INFINITE_RECURSION = YES;
				CLANG_WARN_INT_CONVERSION = YES;
				CLANG_WARN_NON_LITERAL_NULL_CONVERSION = YES;
				CLANG_WARN_OBJC_LITERAL_CONVERSION = YES;
				CLANG_WARN_OBJC_ROOT_CLASS = YES_ERROR;
				CLANG_WARN_RANGE_LOOP_ANALYSIS = YES;
				CLANG_WARN_STRICT_PROTOTYPES = YES;
				CLANG_WARN_SUSPICIOUS_MOVE = YES;
				CLANG_WARN_UNGUARDED_AVAILABILITY = YES_AGGRESSIVE;
				CLANG_WARN_UNREACHABLE_CODE = YES;
				CLANG_WARN__DUPLICATE_METHOD_MATCH = YES;
				CODE_SIGN_IDENTITY = "iPhone Developer";
				COPY_PHASE_STRIP = NO;
				DEBUG_INFORMATION_FORMAT = "dwarf-with-dsym";
				ENABLE_NS_ASSERTIONS = NO;
				ENABLE_STRICT_OBJC_MSGSEND = YES;
				GCC_C_LANGUAGE_STANDARD = gnu11;
				GCC_NO_COMMON_BLOCKS = YES;
				GCC_WARN_64_TO_32_BIT_CONVERSION = YES;
				GCC_WARN_ABOUT_RETURN_TYPE = YES_ERROR;
				GCC_WARN_UNDECLARED_SELECTOR = YES;
				GCC_WARN_UNINITIALIZED_AUTOS = YES_AGGRESSIVE;
				GCC_WARN_UNUSED_FUNCTION = YES;
				GCC_WARN_UNUSED_VARIABLE = YES;
				IPHONEOS_DEPLOYMENT_TARGET = 11.2;
				MTL_ENABLE_DEBUG_INFO = NO;
				SDKROOT = iphoneos;
				SWIFT_OPTIMIZATION_LEVEL = "-Owholemodule";
				VALIDATE_PRODUCT = YES;
			};
			name = Release;
		};
		D4FB3ED3200B8E2700F36B7E /* Debug */ = {
			isa = XCBuildConfiguration;
			buildSettings = {
				ASSETCATALOG_COMPILER_APPICON_NAME = AppIcon;
				CODE_SIGN_STYLE = Automatic;
				INFOPLIST_FILE = SwifeGesture/Info.plist;
				LD_RUNPATH_SEARCH_PATHS = "$(inherited) @executable_path/Frameworks";
				PRODUCT_BUNDLE_IDENTIFIER = myc.SwifeGesture;
				PRODUCT_NAME = "$(TARGET_NAME)";
				SWIFT_VERSION = 4.0;
				TARGETED_DEVICE_FAMILY = 1;
			};
			name = Debug;
		};
		D4FB3ED4200B8E2700F36B7E /* Release */ = {
			isa = XCBuildConfiguration;
			buildSettings = {
				ASSETCATALOG_COMPILER_APPICON_NAME = AppIcon;
				CODE_SIGN_STYLE = Automatic;
				INFOPLIST_FILE = SwifeGesture/Info.plist;
				LD_RUNPATH_SEARCH_PATHS = "$(inherited) @executable_path/Frameworks";
				PRODUCT_BUNDLE_IDENTIFIER = myc.SwifeGesture;
				PRODUCT_NAME = "$(TARGET_NAME)";
				SWIFT_VERSION = 4.0;
				TARGETED_DEVICE_FAMILY = 1;
			};
			name = Release;
		};
/* End XCBuildConfiguration section */

/* Begin XCConfigurationList section */
		D4FB3EBB200B8E2700F36B7E /* Build configuration list for PBXProject "SwifeGesture" */ = {
			isa = XCConfigurationList;
			buildConfigurations = (
				D4FB3ED0200B8E2700F36B7E /* Debug */,
				D4FB3ED1200B8E2700F36B7E /* Release */,
			);
			defaultConfigurationIsVisible = 0;
			defaultConfigurationName = Release;
		};
		D4FB3ED2200B8E2700F36B7E /* Build configuration list for PBXNativeTarget "SwifeGesture" */ = {
			isa = XCConfigurationList;
			buildConfigurations = (
				D4FB3ED3200B8E2700F36B7E /* Debug */,
				D4FB3ED4200B8E2700F36B7E /* Release */,
			);
			defaultConfigurationIsVisible = 0;
			defaultConfigurationName = Release;
		};
/* End XCConfigurationList section */
	};
	rootObject = D4FB3EB8200B8E2700F36B7E /* Project object */;
}
